{
  "name": "@is-(unknown)/is-object",
  "version": "1.0.0",
  "lockfileVersion": 3,
  "requires": true,
  "packages": {
    "": {
      "name": "@is-(unknown)/is-object",
      "version": "1.0.0",
      "license": "Unlicense",
      "dependencies": {
        "@extremejs/utils": "^1.0.0-beta.22"
      }
    },
    "node_modules/@extremejs/utils": {
      "version": "1.0.0-beta.22",
      "resolved": "https://registry.npmjs.org/@extremejs/utils/-/utils-1.0.0-beta.22.tgz",
      "integrity": "sha512-0R2vaDkNv8jE4CP+u4BTOIo6dh+NDDXdk2lWTfwr3kPCL9lilFech4SywliFuhgS3U7ullosSuoMXiQJN2vIMw==",
      "license": "MIT",
      "engines": {
        "node": ">= 18.12.0"
      }
    }
  }
}
